// !$*UTF8*$!
{
	archiveVersion = 1;
	classes = {
	};
	objectVersion = 46;
	objects = {

/* Begin PBXBuildFile section */
		22108E7118F3DA5800B10DB2 /* Foundation.framework in Frameworks */ = {isa = PBXBuildFile; fileRef = 22108E7018F3DA5800B10DB2 /* Foundation.framework */; };
		22108E7318F3DA5800B10DB2 /* CoreGraphics.framework in Frameworks */ = {isa = PBXBuildFile; fileRef = 22108E7218F3DA5800B10DB2 /* CoreGraphics.framework */; };
		22108E7518F3DA5800B10DB2 /* UIKit.framework in Frameworks */ = {isa = PBXBuildFile; fileRef = 22108E7418F3DA5800B10DB2 /* UIKit.framework */; };
		22108E7B18F3DA5800B10DB2 /* InfoPlist.strings in Resources */ = {isa = PBXBuildFile; fileRef = 22108E7918F3DA5800B10DB2 /* InfoPlist.strings */; };
		22108E7D18F3DA5800B10DB2 /* main.m in Sources */ = {isa = PBXBuildFile; fileRef = 22108E7C18F3DA5800B10DB2 /* main.m */; };
		22108E8118F3DA5800B10DB2 /* DUKAppDelegate.m in Sources */ = {isa = PBXBuildFile; fileRef = 22108E8018F3DA5800B10DB2 /* DUKAppDelegate.m */; };
		22108E8418F3DA5800B10DB2 /* Main.storyboard in Resources */ = {isa = PBXBuildFile; fileRef = 22108E8218F3DA5800B10DB2 /* Main.storyboard */; };
		22108E8718F3DA5800B10DB2 /* DUKViewController.m in Sources */ = {isa = PBXBuildFile; fileRef = 22108E8618F3DA5800B10DB2 /* DUKViewController.m */; };
		22108E8918F3DA5800B10DB2 /* Images.xcassets in Resources */ = {isa = PBXBuildFile; fileRef = 22108E8818F3DA5800B10DB2 /* Images.xcassets */; };
		22108E9018F3DA5800B10DB2 /* XCTest.framework in Frameworks */ = {isa = PBXBuildFile; fileRef = 22108E8F18F3DA5800B10DB2 /* XCTest.framework */; };
		22108E9118F3DA5800B10DB2 /* Foundation.framework in Frameworks */ = {isa = PBXBuildFile; fileRef = 22108E7018F3DA5800B10DB2 /* Foundation.framework */; };
		22108E9218F3DA5800B10DB2 /* UIKit.framework in Frameworks */ = {isa = PBXBuildFile; fileRef = 22108E7418F3DA5800B10DB2 /* UIKit.framework */; };
		22108E9A18F3DA5800B10DB2 /* InfoPlist.strings in Resources */ = {isa = PBXBuildFile; fileRef = 22108E9818F3DA5800B10DB2 /* InfoPlist.strings */; };
		22108E9C18F3DA5800B10DB2 /* Git_TestTests.m in Sources */ = {isa = PBXBuildFile; fileRef = 22108E9B18F3DA5800B10DB2 /* Git_TestTests.m */; };
		22108EA718F3DD2300B10DB2 /* DUKTest.m in Sources */ = {isa = PBXBuildFile; fileRef = 22108EA618F3DD2300B10DB2 /* DUKTest.m */; };
/* End PBXBuildFile section */

/* Begin PBXContainerItemProxy section */
		22108E9318F3DA5800B10DB2 /* PBXContainerItemProxy */ = {
			isa = PBXContainerItemProxy;
			containerPortal = 22108E6518F3DA5800B10DB2 /* Project object */;
			proxyType = 1;
			remoteGlobalIDString = 22108E6C18F3DA5800B10DB2;
			remoteInfo = "Git Test";
		};
/* End PBXContainerItemProxy section */

/* Begin PBXFileReference section */
		22108E6D18F3DA5800B10DB2 /* Git Test.app */ = {isa = PBXFileReference; explicitFileType = wrapper.application; includeInIndex = 0; path = "Git Test.app"; sourceTree = BUILT_PRODUCTS_DIR; };
		22108E7018F3DA5800B10DB2 /* Foundation.framework */ = {isa = PBXFileReference; lastKnownFileType = wrapper.framework; name = Foundation.framework; path = System/Library/Frameworks/Foundation.framework; sourceTree = SDKROOT; };
		22108E7218F3DA5800B10DB2 /* CoreGraphics.framework */ = {isa = PBXFileReference; lastKnownFileType = wrapper.framework; name = CoreGraphics.framework; path = System/Library/Frameworks/CoreGraphics.framework; sourceTree = SDKROOT; };
		22108E7418F3DA5800B10DB2 /* UIKit.framework */ = {isa = PBXFileReference; lastKnownFileType = wrapper.framework; name = UIKit.framework; path = System/Library/Frameworks/UIKit.framework; sourceTree = SDKROOT; };
		22108E7818F3DA5800B10DB2 /* Git Test-Info.plist */ = {isa = PBXFileReference; lastKnownFileType = text.plist.xml; path = "Git Test-Info.plist"; sourceTree = "<group>"; };
		22108E7A18F3DA5800B10DB2 /* en */ = {isa = PBXFileReference; lastKnownFileType = text.plist.strings; name = en; path = en.lproj/InfoPlist.strings; sourceTree = "<group>"; };
		22108E7C18F3DA5800B10DB2 /* main.m */ = {isa = PBXFileReference; lastKnownFileType = sourcecode.c.objc; path = main.m; sourceTree = "<group>"; };
		22108E7E18F3DA5800B10DB2 /* Git Test-Prefix.pch */ = {isa = PBXFileReference; lastKnownFileType = sourcecode.c.h; path = "Git Test-Prefix.pch"; sourceTree = "<group>"; };
		22108E7F18F3DA5800B10DB2 /* DUKAppDelegate.h */ = {isa = PBXFileReference; lastKnownFileType = sourcecode.c.h; path = DUKAppDelegate.h; sourceTree = "<group>"; };
		22108E8018F3DA5800B10DB2 /* DUKAppDelegate.m */ = {isa = PBXFileReference; lastKnownFileType = sourcecode.c.objc; path = DUKAppDelegate.m; sourceTree = "<group>"; };
		22108E8318F3DA5800B10DB2 /* Base */ = {isa = PBXFileReference; lastKnownFileType = file.storyboard; name = Base; path = Base.lproj/Main.storyboard; sourceTree = "<group>"; };
		22108E8518F3DA5800B10DB2 /* DUKViewController.h */ = {isa = PBXFileReference; lastKnownFileType = sourcecode.c.h; path = DUKViewController.h; sourceTree = "<group>"; };
		22108E8618F3DA5800B10DB2 /* DUKViewController.m */ = {isa = PBXFileReference; lastKnownFileType = sourcecode.c.objc; path = DUKViewController.m; sourceTree = "<group>"; };
		22108E8818F3DA5800B10DB2 /* Images.xcassets */ = {isa = PBXFileReference; lastKnownFileType = folder.assetcatalog; path = Images.xcassets; sourceTree = "<group>"; };
		22108E8E18F3DA5800B10DB2 /* Git TestTests.xctest */ = {isa = PBXFileReference; explicitFileType = wrapper.cfbundle; includeInIndex = 0; path = "Git TestTests.xctest"; sourceTree = BUILT_PRODUCTS_DIR; };
		22108E8F18F3DA5800B10DB2 /* XCTest.framework */ = {isa = PBXFileReference; lastKnownFileType = wrapper.framework; name = XCTest.framework; path = Library/Frameworks/XCTest.framework; sourceTree = DEVELOPER_DIR; };
		22108E9718F3DA5800B10DB2 /* Git TestTests-Info.plist */ = {isa = PBXFileReference; lastKnownFileType = text.plist.xml; path = "Git TestTests-Info.plist"; sourceTree = "<group>"; };
		22108E9918F3DA5800B10DB2 /* en */ = {isa = PBXFileReference; lastKnownFileType = text.plist.strings; name = en; path = en.lproj/InfoPlist.strings; sourceTree = "<group>"; };
		22108E9B18F3DA5800B10DB2 /* Git_TestTests.m */ = {isa = PBXFileReference; lastKnownFileType = sourcecode.c.objc; path = Git_TestTests.m; sourceTree = "<group>"; };
		22108EA518F3DD2300B10DB2 /* DUKTest.h */ = {isa = PBXFileReference; fileEncoding = 4; lastKnownFileType = sourcecode.c.h; path = DUKTest.h; sourceTree = "<group>"; };
		22108EA618F3DD2300B10DB2 /* DUKTest.m */ = {isa = PBXFileReference; fileEncoding = 4; lastKnownFileType = sourcecode.c.objc; path = DUKTest.m; sourceTree = "<group>"; };
/* End PBXFileReference section */

/* Begin PBXFrameworksBuildPhase section */
		22108E6A18F3DA5800B10DB2 /* Frameworks */ = {
			isa = PBXFrameworksBuildPhase;
			buildActionMask = 2147483647;
			files = (
				22108E7318F3DA5800B10DB2 /* CoreGraphics.framework in Frameworks */,
				22108E7518F3DA5800B10DB2 /* UIKit.framework in Frameworks */,
				22108E7118F3DA5800B10DB2 /* Foundation.framework in Frameworks */,
			);
			runOnlyForDeploymentPostprocessing = 0;
		};
		22108E8B18F3DA5800B10DB2 /* Frameworks */ = {
			isa = PBXFrameworksBuildPhase;
			buildActionMask = 2147483647;
			files = (
				22108E9018F3DA5800B10DB2 /* XCTest.framework in Frameworks */,
				22108E9218F3DA5800B10DB2 /* UIKit.framework in Frameworks */,
				22108E9118F3DA5800B10DB2 /* Foundation.framework in Frameworks */,
			);
			runOnlyForDeploymentPostprocessing = 0;
		};
/* End PBXFrameworksBuildPhase section */

/* Begin PBXGroup section */
		22108E6418F3DA5800B10DB2 = {
			isa = PBXGroup;
			children = (
				22108EA518F3DD2300B10DB2 /* DUKTest.h */,
				22108EA618F3DD2300B10DB2 /* DUKTest.m */,
				22108E7618F3DA5800B10DB2 /* Git Test */,
				22108E9518F3DA5800B10DB2 /* Git TestTests */,
				22108E6F18F3DA5800B10DB2 /* Frameworks */,
				22108E6E18F3DA5800B10DB2 /* Products */,
			);
			sourceTree = "<group>";
		};
		22108E6E18F3DA5800B10DB2 /* Products */ = {
			isa = PBXGroup;
			children = (
				22108E6D18F3DA5800B10DB2 /* Git Test.app */,
				22108E8E18F3DA5800B10DB2 /* Git TestTests.xctest */,
			);
			name = Products;
			sourceTree = "<group>";
		};
		22108E6F18F3DA5800B10DB2 /* Frameworks */ = {
			isa = PBXGroup;
			children = (
				22108E7018F3DA5800B10DB2 /* Foundation.framework */,
				22108E7218F3DA5800B10DB2 /* CoreGraphics.framework */,
				22108E7418F3DA5800B10DB2 /* UIKit.framework */,
				22108E8F18F3DA5800B10DB2 /* XCTest.framework */,
			);
			name = Frameworks;
			sourceTree = "<group>";
		};
		22108E7618F3DA5800B10DB2 /* Git Test */ = {
			isa = PBXGroup;
			children = (
				22108E7F18F3DA5800B10DB2 /* DUKAppDelegate.h */,
				22108E8018F3DA5800B10DB2 /* DUKAppDelegate.m */,
				22108E8218F3DA5800B10DB2 /* Main.storyboard */,
				22108E8518F3DA5800B10DB2 /* DUKViewController.h */,
				22108E8618F3DA5800B10DB2 /* DUKViewController.m */,
				22108E8818F3DA5800B10DB2 /* Images.xcassets */,
				22108E7718F3DA5800B10DB2 /* Supporting Files */,
			);
			path = "Git Test";
			sourceTree = "<group>";
		};
		22108E7718F3DA5800B10DB2 /* Supporting Files */ = {
			isa = PBXGroup;
			children = (
				22108E7818F3DA5800B10DB2 /* Git Test-Info.plist */,
				22108E7918F3DA5800B10DB2 /* InfoPlist.strings */,
				22108E7C18F3DA5800B10DB2 /* main.m */,
				22108E7E18F3DA5800B10DB2 /* Git Test-Prefix.pch */,
			);
			name = "Supporting Files";
			sourceTree = "<group>";
		};
		22108E9518F3DA5800B10DB2 /* Git TestTests */ = {
			isa = PBXGroup;
			children = (
				22108E9B18F3DA5800B10DB2 /* Git_TestTests.m */,
				22108E9618F3DA5800B10DB2 /* Supporting Files */,
			);
			path = "Git TestTests";
			sourceTree = "<group>";
		};
		22108E9618F3DA5800B10DB2 /* Supporting Files */ = {
			isa = PBXGroup;
			children = (
				22108E9718F3DA5800B10DB2 /* Git TestTests-Info.plist */,
				22108E9818F3DA5800B10DB2 /* InfoPlist.strings */,
			);
			name = "Supporting Files";
			sourceTree = "<group>";
		};
/* End PBXGroup section */

/* Begin PBXNativeTarget section */
		22108E6C18F3DA5800B10DB2 /* Git Test */ = {
			isa = PBXNativeTarget;
			buildConfigurationList = 22108E9F18F3DA5800B10DB2 /* Build configuration list for PBXNativeTarget "Git Test" */;
			buildPhases = (
				22108E6918F3DA5800B10DB2 /* Sources */,
				22108E6A18F3DA5800B10DB2 /* Frameworks */,
				22108E6B18F3DA5800B10DB2 /* Resources */,
			);
			buildRules = (
			);
			dependencies = (
			);
			name = "Git Test";
			productName = "Git Test";
			productReference = 22108E6D18F3DA5800B10DB2 /* Git Test.app */;
			productType = "com.apple.product-type.application";
		};
		22108E8D18F3DA5800B10DB2 /* Git TestTests */ = {
			isa = PBXNativeTarget;
			buildConfigurationList = 22108EA218F3DA5800B10DB2 /* Build configuration list for PBXNativeTarget "Git TestTests" */;
			buildPhases = (
				22108E8A18F3DA5800B10DB2 /* Sources */,
				22108E8B18F3DA5800B10DB2 /* Frameworks */,
				22108E8C18F3DA5800B10DB2 /* Resources */,
			);
			buildRules = (
			);
			dependencies = (
				22108E9418F3DA5800B10DB2 /* PBXTargetDependency */,
			);
			name = "Git TestTests";
			productName = "Git TestTests";
			productReference = 22108E8E18F3DA5800B10DB2 /* Git TestTests.xctest */;
			productType = "com.apple.product-type.bundle.unit-test";
		};
/* End PBXNativeTarget section */

/* Begin PBXProject section */
		22108E6518F3DA5800B10DB2 /* Project object */ = {
			isa = PBXProject;
			attributes = {
				CLASSPREFIX = DUK;
				LastUpgradeCheck = 0510;
				ORGANIZATIONNAME = drewsundkerner;
				TargetAttributes = {
					22108E8D18F3DA5800B10DB2 = {
						TestTargetID = 22108E6C18F3DA5800B10DB2;
					};
				};
			};
			buildConfigurationList = 22108E6818F3DA5800B10DB2 /* Build configuration list for PBXProject "Git Test" */;
			compatibilityVersion = "Xcode 3.2";
			developmentRegion = English;
			hasScannedForEncodings = 0;
			knownRegions = (
				en,
				Base,
			);
			mainGroup = 22108E6418F3DA5800B10DB2;
			productRefGroup = 22108E6E18F3DA5800B10DB2 /* Products */;
			projectDirPath = "";
			projectRoot = "";
			targets = (
				22108E6C18F3DA5800B10DB2 /* Git Test */,
				22108E8D18F3DA5800B10DB2 /* Git TestTests */,
			);
		};
/* End PBXProject section */

/* Begin PBXResourcesBuildPhase section */
		22108E6B18F3DA5800B10DB2 /* Resources */ = {
			isa = PBXResourcesBuildPhase;
			buildActionMask = 2147483647;
			files = (
				22108E8918F3DA5800B10DB2 /* Images.xcassets in Resources */,
				22108E7B18F3DA5800B10DB2 /* InfoPlist.strings in Resources */,
				22108E8418F3DA5800B10DB2 /* Main.storyboard in Resources */,
			);
			runOnlyForDeploymentPostprocessing = 0;
		};
		22108E8C18F3DA5800B10DB2 /* Resources */ = {
			isa = PBXResourcesBuildPhase;
			buildActionMask = 2147483647;
			files = (
				22108E9A18F3DA5800B10DB2 /* InfoPlist.strings in Resources */,
			);
			runOnlyForDeploymentPostprocessing = 0;
		};
/* End PBXResourcesBuildPhase section */

/* Begin PBXSourcesBuildPhase section */
		22108E6918F3DA5800B10DB2 /* Sources */ = {
			isa = PBXSourcesBuildPhase;
			buildActionMask = 2147483647;
			files = (
				22108EA718F3DD2300B10DB2 /* DUKTest.m in Sources */,
				22108E8718F3DA5800B10DB2 /* DUKViewController.m in Sources */,
				22108E7D18F3DA5800B10DB2 /* main.m in Sources */,
				22108E8118F3DA5800B10DB2 /* DUKAppDelegate.m in Sources */,
			);
			runOnlyForDeploymentPostprocessing = 0;
		};
		22108E8A18F3DA5800B10DB2 /* Sources */ = {
			isa = PBXSourcesBuildPhase;
			buildActionMask = 2147483647;
			files = (
				22108E9C18F3DA5800B10DB2 /* Git_TestTests.m in Sources */,
			);
			runOnlyForDeploymentPostprocessing = 0;
		};
/* End PBXSourcesBuildPhase section */

/* Begin PBXTargetDependency section */
		22108E9418F3DA5800B10DB2 /* PBXTargetDependency */ = {
			isa = PBXTargetDependency;
			target = 22108E6C18F3DA5800B10DB2 /* Git Test */;
			targetProxy = 22108E9318F3DA5800B10DB2 /* PBXContainerItemProxy */;
		};
/* End PBXTargetDependency section */

/* Begin PBXVariantGroup section */
		22108E7918F3DA5800B10DB2 /* InfoPlist.strings */ = {
			isa = PBXVariantGroup;
			children = (
				22108E7A18F3DA5800B10DB2 /* en */,
			);
			name = InfoPlist.strings;
			sourceTree = "<group>";
		};
		22108E8218F3DA5800B10DB2 /* Main.storyboard */ = {
			isa = PBXVariantGroup;
			children = (
				22108E8318F3DA5800B10DB2 /* Base */,
			);
			name = Main.storyboard;
			sourceTree = "<group>";
		};
		22108E9818F3DA5800B10DB2 /* InfoPlist.strings */ = {
			isa = PBXVariantGroup;
			children = (
				22108E9918F3DA5800B10DB2 /* en */,
			);
			name = InfoPlist.strings;
			sourceTree = "<group>";
		};
/* End PBXVariantGroup section */

/* Begin XCBuildConfiguration section */
		22108E9D18F3DA5800B10DB2 /* Debug */ = {
			isa = XCBuildConfiguration;
			buildSettings = {
				ALWAYS_SEARCH_USER_PATHS = NO;
				CLANG_CXX_LANGUAGE_STANDARD = "gnu++0x";
				CLANG_CXX_LIBRARY = "libc++";
				CLANG_ENABLE_MODULES = YES;
				CLANG_ENABLE_OBJC_ARC = YES;
				CLANG_WARN_BOOL_CONVERSION = YES;
				CLANG_WARN_CONSTANT_CONVERSION = YES;
				CLANG_WARN_DIRECT_OBJC_ISA_USAGE = YES_ERROR;
				CLANG_WARN_EMPTY_BODY = YES;
				CLANG_WARN_ENUM_CONVERSION = YES;
				CLANG_WARN_INT_CONVERSION = YES;
				CLANG_WARN_OBJC_ROOT_CLASS = YES_ERROR;
				CLANG_WARN__DUPLICATE_METHOD_MATCH = YES;
				"CODE_SIGN_IDENTITY[sdk=iphoneos*]" = "iPhone Developer";
				COPY_PHASE_STRIP = NO;
				GCC_C_LANGUAGE_STANDARD = gnu99;
				GCC_DYNAMIC_NO_PIC = NO;
				GCC_OPTIMIZATION_LEVEL = 0;
				GCC_PREPROCESSOR_DEFINITIONS = (
					"DEBUG=1",
					"$(inherited)",
				);
				GCC_SYMBOLS_PRIVATE_EXTERN = NO;
				GCC_WARN_64_TO_32_BIT_CONVERSION = YES;
				GCC_WARN_ABOUT_RETURN_TYPE = YES_ERROR;
				GCC_WARN_UNDECLARED_SELECTOR = YES;
				GCC_WARN_UNINITIALIZED_AUTOS = YES_AGGRESSIVE;
				GCC_WARN_UNUSED_FUNCTION = YES;
				GCC_WARN_UNUSED_VARIABLE = YES;
				IPHONEOS_DEPLOYMENT_TARGET = 7.1;
				ONLY_ACTIVE_ARCH = YES;
				SDKROOT = iphoneos;
			};
			name = Debug;
		};
		22108E9E18F3DA5800B10DB2 /* Release */ = {
			isa = XCBuildConfiguration;
			buildSettings = {
				ALWAYS_SEARCH_USER_PATHS = NO;
				CLANG_CXX_LANGUAGE_STANDARD = "gnu++0x";
				CLANG_CXX_LIBRARY = "libc++";
				CLANG_ENABLE_MODULES = YES;
				CLANG_ENABLE_OBJC_ARC = YES;
				CLANG_WARN_BOOL_CONVERSION = YES;
				CLANG_WARN_CONSTANT_CONVERSION = YES;
				CLANG_WARN_DIRECT_OBJC_ISA_USAGE = YES_ERROR;
				CLANG_WARN_EMPTY_BODY = YES;
				CLANG_WARN_ENUM_CONVERSION = YES;
				CLANG_WARN_INT_CONVERSION = YES;
				CLANG_WARN_OBJC_ROOT_CLASS = YES_ERROR;
				CLANG_WARN__DUPLICATE_METHOD_MATCH = YES;
				"CODE_SIGN_IDENTITY[sdk=iphoneos*]" = "iPhone Developer";
				COPY_PHASE_STRIP = YES;
				ENABLE_NS_ASSERTIONS = NO;
				GCC_C_LANGUAGE_STANDARD = gnu99;
				GCC_WARN_64_TO_32_BIT_CONVERSION = YES;
				GCC_WARN_ABOUT_RETURN_TYPE = YES_ERROR;
				GCC_WARN_UNDECLARED_SELECTOR = YES;
				GCC_WARN_UNINITIALIZED_AUTOS = YES_AGGRESSIVE;
				GCC_WARN_UNUSED_FUNCTION = YES;
				GCC_WARN_UNUSED_VARIABLE = YES;
				IPHONEOS_DEPLOYMENT_TARGET = 7.1;
				SDKROOT = iphoneos;
				VALIDATE_PRODUCT = YES;
			};
			name = Release;
		};
		22108EA018F3DA5800B10DB2 /* Debug */ = {
			isa = XCBuildConfiguration;
			buildSettings = {
				ASSETCATALOG_COMPILER_APPICON_NAME = AppIcon;
				ASSETCATALOG_COMPILER_LAUNCHIMAGE_NAME = LaunchImage;
				GCC_PRECOMPILE_PREFIX_HEADER = YES;
				GCC_PREFIX_HEADER = "Git Test/Git Test-Prefix.pch";
				INFOPLIST_FILE = "Git Test/Git Test-Info.plist";
				PRODUCT_NAME = "$(TARGET_NAME)";
				WRAPPER_EXTENSION = app;
			};
			name = Debug;
		};
		22108EA118F3DA5800B10DB2 /* Release */ = {
			isa = XCBuildConfiguration;
			buildSettings = {
				ASSETCATALOG_COMPILER_APPICON_NAME = AppIcon;
				ASSETCATALOG_COMPILER_LAUNCHIMAGE_NAME = LaunchImage;
				GCC_PRECOMPILE_PREFIX_HEADER = YES;
				GCC_PREFIX_HEADER = "Git Test/Git Test-Prefix.pch";
				INFOPLIST_FILE = "Git Test/Git Test-Info.plist";
				PRODUCT_NAME = "$(TARGET_NAME)";
				WRAPPER_EXTENSION = app;
			};
			name = Release;
		};
		22108EA318F3DA5800B10DB2 /* Debug */ = {
			isa = XCBuildConfiguration;
			buildSettings = {
				BUNDLE_LOADER = "$(BUILT_PRODUCTS_DIR)/Git Test.app/Git Test";
				FRAMEWORK_SEARCH_PATHS = (
					"$(SDKROOT)/Developer/Library/Frameworks",
					"$(inherited)",
					"$(DEVELOPER_FRAMEWORKS_DIR)",
				);
				GCC_PRECOMPILE_PREFIX_HEADER = YES;
				GCC_PREFIX_HEADER = "Git Test/Git Test-Prefix.pch";
				GCC_PREPROCESSOR_DEFINITIONS = (
					"DEBUG=1",
					"$(inherited)",
				);
				INFOPLIST_FILE = "Git TestTests/Git TestTests-Info.plist";
				PRODUCT_NAME = "$(TARGET_NAME)";
				TEST_HOST = "$(BUNDLE_LOADER)";
				WRAPPER_EXTENSION = xctest;
			};
			name = Debug;
		};
		22108EA418F3DA5800B10DB2 /* Release */ = {
			isa = XCBuildConfiguration;
			buildSettings = {
				BUNDLE_LOADER = "$(BUILT_PRODUCTS_DIR)/Git Test.app/Git Test";
				FRAMEWORK_SEARCH_PATHS = (
					"$(SDKROOT)/Developer/Library/Frameworks",
					"$(inherited)",
					"$(DEVELOPER_FRAMEWORKS_DIR)",
				);
				GCC_PRECOMPILE_PREFIX_HEADER = YES;
				GCC_PREFIX_HEADER = "Git Test/Git Test-Prefix.pch";
				INFOPLIST_FILE = "Git TestTests/Git TestTests-Info.plist";
				PRODUCT_NAME = "$(TARGET_NAME)";
				TEST_HOST = "$(BUNDLE_LOADER)";
				WRAPPER_EXTENSION = xctest;
			};
			name = Release;
		};
/* End XCBuildConfiguration section */

/* Begin XCConfigurationList section */
		22108E6818F3DA5800B10DB2 /* Build configuration list for PBXProject "Git Test" */ = {
			isa = XCConfigurationList;
			buildConfigurations = (
				22108E9D18F3DA5800B10DB2 /* Debug */,
				22108E9E18F3DA5800B10DB2 /* Release */,
			);
			defaultConfigurationIsVisible = 0;
			defaultConfigurationName = Release;
		};
		22108E9F18F3DA5800B10DB2 /* Build configuration list for PBXNativeTarget "Git Test" */ = {
			isa = XCConfigurationList;
			buildConfigurations = (
				22108EA018F3DA5800B10DB2 /* Debug */,
				22108EA118F3DA5800B10DB2 /* Release */,
			);
			defaultConfigurationIsVisible = 0;
		};
		22108EA218F3DA5800B10DB2 /* Build configuration list for PBXNativeTarget "Git TestTests" */ = {
			isa = XCConfigurationList;
			buildConfigurations = (
				22108EA318F3DA5800B10DB2 /* Debug */,
				22108EA418F3DA5800B10DB2 /* Release */,
			);
			defaultConfigurationIsVisible = 0;
		};
/* End XCConfigurationList section */
	};
	rootObject = 22108E6518F3DA5800B10DB2 /* Project object */;
}
